// !$*UTF8*$!
{
	archiveVersion = 1;
	classes = {
	};
	objectVersion = 50;
	objects = {

/* Begin PBXBuildFile section */
		B9507A76243D611D00B44236 /* Timer.swift in Sources */ = {isa = PBXBuildFile; fileRef = B9507A75243D611D00B44236 /* Timer.swift */; };
		B9507A78243D63D700B44236 /* StartButton.swift in Sources */ = {isa = PBXBuildFile; fileRef = B9507A77243D63D700B44236 /* StartButton.swift */; };
		B9507A7A243D662500B44236 /* TimerViewController.swift in Sources */ = {isa = PBXBuildFile; fileRef = B9507A79243D662500B44236 /* TimerViewController.swift */; };
		EEBA75B1243AD40A00DE1462 /* iCovid WatchKit App.app in Embed Watch Content */ = {isa = PBXBuildFile; fileRef = EEBA75B0243AD40A00DE1462 /* iCovid WatchKit App.app */; settings = {ATTRIBUTES = (RemoveHeadersOnCopy, ); }; };
		EEBA75B7243AD40A00DE1462 /* Interface.storyboard in Resources */ = {isa = PBXBuildFile; fileRef = EEBA75B5243AD40A00DE1462 /* Interface.storyboard */; };
		EEBA75B9243AD40E00DE1462 /* Assets.xcassets in Resources */ = {isa = PBXBuildFile; fileRef = EEBA75B8243AD40E00DE1462 /* Assets.xcassets */; };
		EEBA75C0243AD40E00DE1462 /* iCovid WatchKit Extension.appex in Embed App Extensions */ = {isa = PBXBuildFile; fileRef = EEBA75BF243AD40E00DE1462 /* iCovid WatchKit Extension.appex */; settings = {ATTRIBUTES = (RemoveHeadersOnCopy, ); }; };
		EEBA75C5243AD40E00DE1462 /* ContentView.swift in Sources */ = {isa = PBXBuildFile; fileRef = EEBA75C4243AD40E00DE1462 /* ContentView.swift */; };
		EEBA75C7243AD40E00DE1462 /* HostingController.swift in Sources */ = {isa = PBXBuildFile; fileRef = EEBA75C6243AD40E00DE1462 /* HostingController.swift */; };
		EEBA75C9243AD40E00DE1462 /* ExtensionDelegate.swift in Sources */ = {isa = PBXBuildFile; fileRef = EEBA75C8243AD40E00DE1462 /* ExtensionDelegate.swift */; };
		EEBA75CB243AD40E00DE1462 /* NotificationController.swift in Sources */ = {isa = PBXBuildFile; fileRef = EEBA75CA243AD40E00DE1462 /* NotificationController.swift */; };
		EEBA75CD243AD40E00DE1462 /* NotificationView.swift in Sources */ = {isa = PBXBuildFile; fileRef = EEBA75CC243AD40E00DE1462 /* NotificationView.swift */; };
		EEBA75CF243AD40F00DE1462 /* Assets.xcassets in Resources */ = {isa = PBXBuildFile; fileRef = EEBA75CE243AD40F00DE1462 /* Assets.xcassets */; };
		EEBA75D2243AD40F00DE1462 /* Preview Assets.xcassets in Resources */ = {isa = PBXBuildFile; fileRef = EEBA75D1243AD40F00DE1462 /* Preview Assets.xcassets */; };
/* End PBXBuildFile section */

/* Begin PBXContainerItemProxy section */
		EEBA75B2243AD40A00DE1462 /* PBXContainerItemProxy */ = {
			isa = PBXContainerItemProxy;
			containerPortal = EEBA75A6243AD40A00DE1462 /* Project object */;
			proxyType = 1;
			remoteGlobalIDString = EEBA75AF243AD40A00DE1462;
			remoteInfo = "iCovid WatchKit App";
		};
		EEBA75C1243AD40E00DE1462 /* PBXContainerItemProxy */ = {
			isa = PBXContainerItemProxy;
			containerPortal = EEBA75A6243AD40A00DE1462 /* Project object */;
			proxyType = 1;
			remoteGlobalIDString = EEBA75BE243AD40E00DE1462;
			remoteInfo = "iCovid WatchKit Extension";
		};
/* End PBXContainerItemProxy section */

/* Begin PBXCopyFilesBuildPhase section */
		EEBA75DA243AD40F00DE1462 /* Embed App Extensions */ = {
			isa = PBXCopyFilesBuildPhase;
			buildActionMask = 2147483647;
			dstPath = "";
			dstSubfolderSpec = 13;
			files = (
				EEBA75C0243AD40E00DE1462 /* iCovid WatchKit Extension.appex in Embed App Extensions */,
			);
			name = "Embed App Extensions";
			runOnlyForDeploymentPostprocessing = 0;
		};
		EEBA75DE243AD40F00DE1462 /* Embed Watch Content */ = {
			isa = PBXCopyFilesBuildPhase;
			buildActionMask = 2147483647;
			dstPath = "$(CONTENTS_FOLDER_PATH)/Watch";
			dstSubfolderSpec = 16;
			files = (
				EEBA75B1243AD40A00DE1462 /* iCovid WatchKit App.app in Embed Watch Content */,
			);
			name = "Embed Watch Content";
			runOnlyForDeploymentPostprocessing = 0;
		};
/* End PBXCopyFilesBuildPhase section */

/* Begin PBXFileReference section */
		B9507A75243D611D00B44236 /* Timer.swift */ = {isa = PBXFileReference; lastKnownFileType = sourcecode.swift; path = Timer.swift; sourceTree = "<group>"; };
		B9507A77243D63D700B44236 /* StartButton.swift */ = {isa = PBXFileReference; lastKnownFileType = sourcecode.swift; path = StartButton.swift; sourceTree = "<group>"; };
		B9507A79243D662500B44236 /* TimerViewController.swift */ = {isa = PBXFileReference; lastKnownFileType = sourcecode.swift; path = TimerViewController.swift; sourceTree = "<group>"; };
		EEBA75AC243AD40A00DE1462 /* iCovid.app */ = {isa = PBXFileReference; explicitFileType = wrapper.application; includeInIndex = 0; path = iCovid.app; sourceTree = BUILT_PRODUCTS_DIR; };
		EEBA75B0243AD40A00DE1462 /* iCovid WatchKit App.app */ = {isa = PBXFileReference; explicitFileType = wrapper.application; includeInIndex = 0; path = "iCovid WatchKit App.app"; sourceTree = BUILT_PRODUCTS_DIR; };
		EEBA75B6243AD40A00DE1462 /* Base */ = {isa = PBXFileReference; lastKnownFileType = file.storyboard; name = Base; path = Base.lproj/Interface.storyboard; sourceTree = "<group>"; };
		EEBA75B8243AD40E00DE1462 /* Assets.xcassets */ = {isa = PBXFileReference; lastKnownFileType = folder.assetcatalog; path = Assets.xcassets; sourceTree = "<group>"; };
		EEBA75BA243AD40E00DE1462 /* Info.plist */ = {isa = PBXFileReference; lastKnownFileType = text.plist.xml; path = Info.plist; sourceTree = "<group>"; };
		EEBA75BF243AD40E00DE1462 /* iCovid WatchKit Extension.appex */ = {isa = PBXFileReference; explicitFileType = "wrapper.app-extension"; includeInIndex = 0; path = "iCovid WatchKit Extension.appex"; sourceTree = BUILT_PRODUCTS_DIR; };
		EEBA75C4243AD40E00DE1462 /* ContentView.swift */ = {isa = PBXFileReference; lastKnownFileType = sourcecode.swift; path = ContentView.swift; sourceTree = "<group>"; };
		EEBA75C6243AD40E00DE1462 /* HostingController.swift */ = {isa = PBXFileReference; lastKnownFileType = sourcecode.swift; path = HostingController.swift; sourceTree = "<group>"; };
		EEBA75C8243AD40E00DE1462 /* ExtensionDelegate.swift */ = {isa = PBXFileReference; lastKnownFileType = sourcecode.swift; path = ExtensionDelegate.swift; sourceTree = "<group>"; };
		EEBA75CA243AD40E00DE1462 /* NotificationController.swift */ = {isa = PBXFileReference; lastKnownFileType = sourcecode.swift; path = NotificationController.swift; sourceTree = "<group>"; };
		EEBA75CC243AD40E00DE1462 /* NotificationView.swift */ = {isa = PBXFileReference; lastKnownFileType = sourcecode.swift; path = NotificationView.swift; sourceTree = "<group>"; };
		EEBA75CE243AD40F00DE1462 /* Assets.xcassets */ = {isa = PBXFileReference; lastKnownFileType = folder.assetcatalog; path = Assets.xcassets; sourceTree = "<group>"; };
		EEBA75D1243AD40F00DE1462 /* Preview Assets.xcassets */ = {isa = PBXFileReference; lastKnownFileType = folder.assetcatalog; path = "Preview Assets.xcassets"; sourceTree = "<group>"; };
		EEBA75D3243AD40F00DE1462 /* Info.plist */ = {isa = PBXFileReference; lastKnownFileType = text.plist.xml; path = Info.plist; sourceTree = "<group>"; };
		EEBA75D4243AD40F00DE1462 /* PushNotificationPayload.apns */ = {isa = PBXFileReference; lastKnownFileType = text; path = PushNotificationPayload.apns; sourceTree = "<group>"; };
/* End PBXFileReference section */

/* Begin PBXFrameworksBuildPhase section */
		EEBA75BC243AD40E00DE1462 /* Frameworks */ = {
			isa = PBXFrameworksBuildPhase;
			buildActionMask = 2147483647;
			files = (
			);
			runOnlyForDeploymentPostprocessing = 0;
		};
/* End PBXFrameworksBuildPhase section */

/* Begin PBXGroup section */
		EEBA75A5243AD40A00DE1462 = {
			isa = PBXGroup;
			children = (
				EEBA75B4243AD40A00DE1462 /* iCovid WatchKit App */,
				EEBA75C3243AD40E00DE1462 /* iCovid WatchKit Extension */,
				EEBA75AD243AD40A00DE1462 /* Products */,
			);
			sourceTree = "<group>";
		};
		EEBA75AD243AD40A00DE1462 /* Products */ = {
			isa = PBXGroup;
			children = (
				EEBA75AC243AD40A00DE1462 /* iCovid.app */,
				EEBA75B0243AD40A00DE1462 /* iCovid WatchKit App.app */,
				EEBA75BF243AD40E00DE1462 /* iCovid WatchKit Extension.appex */,
			);
			name = Products;
			sourceTree = "<group>";
		};
		EEBA75B4243AD40A00DE1462 /* iCovid WatchKit App */ = {
			isa = PBXGroup;
			children = (
				EEBA75B5243AD40A00DE1462 /* Interface.storyboard */,
				EEBA75B8243AD40E00DE1462 /* Assets.xcassets */,
				EEBA75BA243AD40E00DE1462 /* Info.plist */,
			);
			path = "iCovid WatchKit App";
			sourceTree = "<group>";
		};
		EEBA75C3243AD40E00DE1462 /* iCovid WatchKit Extension */ = {
			isa = PBXGroup;
			children = (
				EEBA75C4243AD40E00DE1462 /* ContentView.swift */,
				EEBA75C6243AD40E00DE1462 /* HostingController.swift */,
				B9507A79243D662500B44236 /* TimerViewController.swift */,
				EEBA75C8243AD40E00DE1462 /* ExtensionDelegate.swift */,
				EEBA75CA243AD40E00DE1462 /* NotificationController.swift */,
				EEBA75CC243AD40E00DE1462 /* NotificationView.swift */,
				EEBA75CE243AD40F00DE1462 /* Assets.xcassets */,
				EEBA75D3243AD40F00DE1462 /* Info.plist */,
				EEBA75D4243AD40F00DE1462 /* PushNotificationPayload.apns */,
				EEBA75D0243AD40F00DE1462 /* Preview Content */,
				B9507A75243D611D00B44236 /* Timer.swift */,
				B9507A77243D63D700B44236 /* StartButton.swift */,
			);
			path = "iCovid WatchKit Extension";
			sourceTree = "<group>";
		};
		EEBA75D0243AD40F00DE1462 /* Preview Content */ = {
			isa = PBXGroup;
			children = (
				EEBA75D1243AD40F00DE1462 /* Preview Assets.xcassets */,
			);
			path = "Preview Content";
			sourceTree = "<group>";
		};
/* End PBXGroup section */

/* Begin PBXNativeTarget section */
		EEBA75AB243AD40A00DE1462 /* iCovid */ = {
			isa = PBXNativeTarget;
			buildConfigurationList = EEBA75DF243AD40F00DE1462 /* Build configuration list for PBXNativeTarget "iCovid" */;
			buildPhases = (
				EEBA75AA243AD40A00DE1462 /* Resources */,
				EEBA75DE243AD40F00DE1462 /* Embed Watch Content */,
			);
			buildRules = (
			);
			dependencies = (
				EEBA75B3243AD40A00DE1462 /* PBXTargetDependency */,
			);
			name = iCovid;
			productName = iCovid;
			productReference = EEBA75AC243AD40A00DE1462 /* iCovid.app */;
			productType = "com.apple.product-type.application.watchapp2-container";
		};
		EEBA75AF243AD40A00DE1462 /* iCovid WatchKit App */ = {
			isa = PBXNativeTarget;
			buildConfigurationList = EEBA75DB243AD40F00DE1462 /* Build configuration list for PBXNativeTarget "iCovid WatchKit App" */;
			buildPhases = (
				EEBA75AE243AD40A00DE1462 /* Resources */,
				EEBA75DA243AD40F00DE1462 /* Embed App Extensions */,
			);
			buildRules = (
			);
			dependencies = (
				EEBA75C2243AD40E00DE1462 /* PBXTargetDependency */,
			);
			name = "iCovid WatchKit App";
			productName = "iCovid WatchKit App";
			productReference = EEBA75B0243AD40A00DE1462 /* iCovid WatchKit App.app */;
			productType = "com.apple.product-type.application.watchapp2";
		};
		EEBA75BE243AD40E00DE1462 /* iCovid WatchKit Extension */ = {
			isa = PBXNativeTarget;
			buildConfigurationList = EEBA75D7243AD40F00DE1462 /* Build configuration list for PBXNativeTarget "iCovid WatchKit Extension" */;
			buildPhases = (
				EEBA75BB243AD40E00DE1462 /* Sources */,
				EEBA75BC243AD40E00DE1462 /* Frameworks */,
				EEBA75BD243AD40E00DE1462 /* Resources */,
			);
			buildRules = (
			);
			dependencies = (
			);
			name = "iCovid WatchKit Extension";
			productName = "iCovid WatchKit Extension";
			productReference = EEBA75BF243AD40E00DE1462 /* iCovid WatchKit Extension.appex */;
			productType = "com.apple.product-type.watchkit2-extension";
		};
/* End PBXNativeTarget section */

/* Begin PBXProject section */
		EEBA75A6243AD40A00DE1462 /* Project object */ = {
			isa = PBXProject;
			attributes = {
				LastSwiftUpdateCheck = 1140;
				LastUpgradeCheck = 1140;
				ORGANIZATIONNAME = "Emmanuel Salcedo";
				TargetAttributes = {
					EEBA75AB243AD40A00DE1462 = {
						CreatedOnToolsVersion = 11.4;
					};
					EEBA75AF243AD40A00DE1462 = {
						CreatedOnToolsVersion = 11.4;
					};
					EEBA75BE243AD40E00DE1462 = {
						CreatedOnToolsVersion = 11.4;
					};
				};
			};
			buildConfigurationList = EEBA75A9243AD40A00DE1462 /* Build configuration list for PBXProject "iCovid" */;
			compatibilityVersion = "Xcode 9.3";
			developmentRegion = en;
			hasScannedForEncodings = 0;
			knownRegions = (
				en,
				Base,
			);
			mainGroup = EEBA75A5243AD40A00DE1462;
			productRefGroup = EEBA75AD243AD40A00DE1462 /* Products */;
			projectDirPath = "";
			projectRoot = "";
			targets = (
				EEBA75AB243AD40A00DE1462 /* iCovid */,
				EEBA75AF243AD40A00DE1462 /* iCovid WatchKit App */,
				EEBA75BE243AD40E00DE1462 /* iCovid WatchKit Extension */,
			);
		};
/* End PBXProject section */

/* Begin PBXResourcesBuildPhase section */
		EEBA75AA243AD40A00DE1462 /* Resources */ = {
			isa = PBXResourcesBuildPhase;
			buildActionMask = 2147483647;
			files = (
			);
			runOnlyForDeploymentPostprocessing = 0;
		};
		EEBA75AE243AD40A00DE1462 /* Resources */ = {
			isa = PBXResourcesBuildPhase;
			buildActionMask = 2147483647;
			files = (
				EEBA75B9243AD40E00DE1462 /* Assets.xcassets in Resources */,
				EEBA75B7243AD40A00DE1462 /* Interface.storyboard in Resources */,
			);
			runOnlyForDeploymentPostprocessing = 0;
		};
		EEBA75BD243AD40E00DE1462 /* Resources */ = {
			isa = PBXResourcesBuildPhase;
			buildActionMask = 2147483647;
			files = (
				EEBA75D2243AD40F00DE1462 /* Preview Assets.xcassets in Resources */,
				EEBA75CF243AD40F00DE1462 /* Assets.xcassets in Resources */,
			);
			runOnlyForDeploymentPostprocessing = 0;
		};
/* End PBXResourcesBuildPhase section */

/* Begin PBXSourcesBuildPhase section */
		EEBA75BB243AD40E00DE1462 /* Sources */ = {
			isa = PBXSourcesBuildPhase;
			buildActionMask = 2147483647;
			files = (
				EEBA75C7243AD40E00DE1462 /* HostingController.swift in Sources */,
				EEBA75C5243AD40E00DE1462 /* ContentView.swift in Sources */,
				EEBA75CB243AD40E00DE1462 /* NotificationController.swift in Sources */,
				B9507A76243D611D00B44236 /* Timer.swift in Sources */,
				B9507A7A243D662500B44236 /* TimerViewController.swift in Sources */,
				EEBA75C9243AD40E00DE1462 /* ExtensionDelegate.swift in Sources */,
				EEBA75CD243AD40E00DE1462 /* NotificationView.swift in Sources */,
				B9507A78243D63D700B44236 /* StartButton.swift in Sources */,
			);
			runOnlyForDeploymentPostprocessing = 0;
		};
/* End PBXSourcesBuildPhase section */

/* Begin PBXTargetDependency section */
		EEBA75B3243AD40A00DE1462 /* PBXTargetDependency */ = {
			isa = PBXTargetDependency;
			target = EEBA75AF243AD40A00DE1462 /* iCovid WatchKit App */;
			targetProxy = EEBA75B2243AD40A00DE1462 /* PBXContainerItemProxy */;
		};
		EEBA75C2243AD40E00DE1462 /* PBXTargetDependency */ = {
			isa = PBXTargetDependency;
			target = EEBA75BE243AD40E00DE1462 /* iCovid WatchKit Extension */;
			targetProxy = EEBA75C1243AD40E00DE1462 /* PBXContainerItemProxy */;
		};
/* End PBXTargetDependency section */

/* Begin PBXVariantGroup section */
		EEBA75B5243AD40A00DE1462 /* Interface.storyboard */ = {
			isa = PBXVariantGroup;
			children = (
				EEBA75B6243AD40A00DE1462 /* Base */,
			);
			name = Interface.storyboard;
			sourceTree = "<group>";
		};
/* End PBXVariantGroup section */

/* Begin XCBuildConfiguration section */
		EEBA75D5243AD40F00DE1462 /* Debug */ = {
			isa = XCBuildConfiguration;
			buildSettings = {
				ALWAYS_SEARCH_USER_PATHS = NO;
				CLANG_ANALYZER_NONNULL = YES;
				CLANG_ANALYZER_NUMBER_OBJECT_CONVERSION = YES_AGGRESSIVE;
				CLANG_CXX_LANGUAGE_STANDARD = "gnu++14";
				CLANG_CXX_LIBRARY = "libc++";
				CLANG_ENABLE_MODULES = YES;
				CLANG_ENABLE_OBJC_ARC = YES;
				CLANG_ENABLE_OBJC_WEAK = YES;
				CLANG_WARN_BLOCK_CAPTURE_AUTORELEASING = YES;
				CLANG_WARN_BOOL_CONVERSION = YES;
				CLANG_WARN_COMMA = YES;
				CLANG_WARN_CONSTANT_CONVERSION = YES;
				CLANG_WARN_DEPRECATED_OBJC_IMPLEMENTATIONS = YES;
				CLANG_WARN_DIRECT_OBJC_ISA_USAGE = YES_ERROR;
				CLANG_WARN_DOCUMENTATION_COMMENTS = YES;
				CLANG_WARN_EMPTY_BODY = YES;
				CLANG_WARN_ENUM_CONVERSION = YES;
				CLANG_WARN_INFINITE_RECURSION = YES;
				CLANG_WARN_INT_CONVERSION = YES;
				CLANG_WARN_NON_LITERAL_NULL_CONVERSION = YES;
				CLANG_WARN_OBJC_IMPLICIT_RETAIN_SELF = YES;
				CLANG_WARN_OBJC_LITERAL_CONVERSION = YES;
				CLANG_WARN_OBJC_ROOT_CLASS = YES_ERROR;
				CLANG_WARN_RANGE_LOOP_ANALYSIS = YES;
				CLANG_WARN_STRICT_PROTOTYPES = YES;
				CLANG_WARN_SUSPICIOUS_MOVE = YES;
				CLANG_WARN_UNGUARDED_AVAILABILITY = YES_AGGRESSIVE;
				CLANG_WARN_UNREACHABLE_CODE = YES;
				CLANG_WARN__DUPLICATE_METHOD_MATCH = YES;
				COPY_PHASE_STRIP = NO;
				DEBUG_INFORMATION_FORMAT = dwarf;
				ENABLE_STRICT_OBJC_MSGSEND = YES;
				ENABLE_TESTABILITY = YES;
				GCC_C_LANGUAGE_STANDARD = gnu11;
				GCC_DYNAMIC_NO_PIC = NO;
				GCC_NO_COMMON_BLOCKS = YES;
				GCC_OPTIMIZATION_LEVEL = 0;
				GCC_PREPROCESSOR_DEFINITIONS = (
					"DEBUG=1",
					"$(inherited)",
				);
				GCC_WARN_64_TO_32_BIT_CONVERSION = YES;
				GCC_WARN_ABOUT_RETURN_TYPE = YES_ERROR;
				GCC_WARN_UNDECLARED_SELECTOR = YES;
				GCC_WARN_UNINITIALIZED_AUTOS = YES_AGGRESSIVE;
				GCC_WARN_UNUSED_FUNCTION = YES;
				GCC_WARN_UNUSED_VARIABLE = YES;
				MTL_ENABLE_DEBUG_INFO = INCLUDE_SOURCE;
				MTL_FAST_MATH = YES;
				ONLY_ACTIVE_ARCH = YES;
				SDKROOT = iphoneos;
				SWIFT_ACTIVE_COMPILATION_CONDITIONS = DEBUG;
				SWIFT_OPTIMIZATION_LEVEL = "-Onone";
			};
			name = Debug;
		};
		EEBA75D6243AD40F00DE1462 /* Release */ = {
			isa = XCBuildConfiguration;
			buildSettings = {
				ALWAYS_SEARCH_USER_PATHS = NO;
				CLANG_ANALYZER_NONNULL = YES;
				CLANG_ANALYZER_NUMBER_OBJECT_CONVERSION = YES_AGGRESSIVE;
				CLANG_CXX_LANGUAGE_STANDARD = "gnu++14";
				CLANG_CXX_LIBRARY = "libc++";
				CLANG_ENABLE_MODULES = YES;
				CLANG_ENABLE_OBJC_ARC = YES;
				CLANG_ENABLE_OBJC_WEAK = YES;
				CLANG_WARN_BLOCK_CAPTURE_AUTORELEASING = YES;
				CLANG_WARN_BOOL_CONVERSION = YES;
				CLANG_WARN_COMMA = YES;
				CLANG_WARN_CONSTANT_CONVERSION = YES;
				CLANG_WARN_DEPRECATED_OBJC_IMPLEMENTATIONS = YES;
				CLANG_WARN_DIRECT_OBJC_ISA_USAGE = YES_ERROR;
				CLANG_WARN_DOCUMENTATION_COMMENTS = YES;
				CLANG_WARN_EMPTY_BODY = YES;
				CLANG_WARN_ENUM_CONVERSION = YES;
				CLANG_WARN_INFINITE_RECURSION = YES;
				CLANG_WARN_INT_CONVERSION = YES;
				CLANG_WARN_NON_LITERAL_NULL_CONVERSION = YES;
				CLANG_WARN_OBJC_IMPLICIT_RETAIN_SELF = YES;
				CLANG_WARN_OBJC_LITERAL_CONVERSION = YES;
				CLANG_WARN_OBJC_ROOT_CLASS = YES_ERROR;
				CLANG_WARN_RANGE_LOOP_ANALYSIS = YES;
				CLANG_WARN_STRICT_PROTOTYPES = YES;
				CLANG_WARN_SUSPICIOUS_MOVE = YES;
				CLANG_WARN_UNGUARDED_AVAILABILITY = YES_AGGRESSIVE;
				CLANG_WARN_UNREACHABLE_CODE = YES;
				CLANG_WARN__DUPLICATE_METHOD_MATCH = YES;
				COPY_PHASE_STRIP = NO;
				DEBUG_INFORMATION_FORMAT = "dwarf-with-dsym";
				ENABLE_NS_ASSERTIONS = NO;
				ENABLE_STRICT_OBJC_MSGSEND = YES;
				GCC_C_LANGUAGE_STANDARD = gnu11;
				GCC_NO_COMMON_BLOCKS = YES;
				GCC_WARN_64_TO_32_BIT_CONVERSION = YES;
				GCC_WARN_ABOUT_RETURN_TYPE = YES_ERROR;
				GCC_WARN_UNDECLARED_SELECTOR = YES;
				GCC_WARN_UNINITIALIZED_AUTOS = YES_AGGRESSIVE;
				GCC_WARN_UNUSED_FUNCTION = YES;
				GCC_WARN_UNUSED_VARIABLE = YES;
				MTL_ENABLE_DEBUG_INFO = NO;
				MTL_FAST_MATH = YES;
				SDKROOT = iphoneos;
				SWIFT_COMPILATION_MODE = wholemodule;
				SWIFT_OPTIMIZATION_LEVEL = "-O";
				VALIDATE_PRODUCT = YES;
			};
			name = Release;
		};
		EEBA75D8243AD40F00DE1462 /* Debug */ = {
			isa = XCBuildConfiguration;
			buildSettings = {
				ASSETCATALOG_COMPILER_COMPLICATION_NAME = Complication;
				CODE_SIGN_STYLE = Automatic;
				DEVELOPMENT_ASSET_PATHS = "\"iCovid WatchKit Extension/Preview Content\"";
				ENABLE_PREVIEWS = YES;
				INFOPLIST_FILE = "iCovid WatchKit Extension/Info.plist";
				LD_RUNPATH_SEARCH_PATHS = (
					"$(inherited)",
					"@executable_path/Frameworks",
					"@executable_path/../../Frameworks",
				);
				PRODUCT_BUNDLE_IDENTIFIER = iCovid.iCovid.watchkitapp.watchkitextension;
				PRODUCT_NAME = "${TARGET_NAME}";
				SDKROOT = watchos;
				SKIP_INSTALL = YES;
				SWIFT_VERSION = 5.0;
				TARGETED_DEVICE_FAMILY = 4;
				WATCHOS_DEPLOYMENT_TARGET = 6.2;
			};
			name = Debug;
		};
		EEBA75D9243AD40F00DE1462 /* Release */ = {
			isa = XCBuildConfiguration;
			buildSettings = {
				ASSETCATALOG_COMPILER_COMPLICATION_NAME = Complication;
				CODE_SIGN_STYLE = Automatic;
				DEVELOPMENT_ASSET_PATHS = "\"iCovid WatchKit Extension/Preview Content\"";
				ENABLE_PREVIEWS = YES;
				INFOPLIST_FILE = "iCovid WatchKit Extension/Info.plist";
				LD_RUNPATH_SEARCH_PATHS = (
					"$(inherited)",
					"@executable_path/Frameworks",
					"@executable_path/../../Frameworks",
				);
				PRODUCT_BUNDLE_IDENTIFIER = iCovid.iCovid.watchkitapp.watchkitextension;
				PRODUCT_NAME = "${TARGET_NAME}";
				SDKROOT = watchos;
				SKIP_INSTALL = YES;
				SWIFT_VERSION = 5.0;
				TARGETED_DEVICE_FAMILY = 4;
				WATCHOS_DEPLOYMENT_TARGET = 6.2;
			};
			name = Release;
		};
		EEBA75DC243AD40F00DE1462 /* Debug */ = {
			isa = XCBuildConfiguration;
			buildSettings = {
				ALWAYS_EMBED_SWIFT_STANDARD_LIBRARIES = YES;
				ASSETCATALOG_COMPILER_APPICON_NAME = AppIcon;
				CODE_SIGN_STYLE = Automatic;
				IBSC_MODULE = iCovid_WatchKit_Extension;
				INFOPLIST_FILE = "iCovid WatchKit App/Info.plist";
				PRODUCT_BUNDLE_IDENTIFIER = iCovid.iCovid.watchkitapp;
				PRODUCT_NAME = "$(TARGET_NAME)";
				SDKROOT = watchos;
				SKIP_INSTALL = YES;
				SWIFT_VERSION = 5.0;
				TARGETED_DEVICE_FAMILY = 4;
				WATCHOS_DEPLOYMENT_TARGET = 6.2;
			};
			name = Debug;
		};
		EEBA75DD243AD40F00DE1462 /* Release */ = {
			isa = XCBuildConfiguration;
			buildSettings = {
				ALWAYS_EMBED_SWIFT_STANDARD_LIBRARIES = YES;
				ASSETCATALOG_COMPILER_APPICON_NAME = AppIcon;
				CODE_SIGN_STYLE = Automatic;
				IBSC_MODULE = iCovid_WatchKit_Extension;
				INFOPLIST_FILE = "iCovid WatchKit App/Info.plist";
				PRODUCT_BUNDLE_IDENTIFIER = iCovid.iCovid.watchkitapp;
				PRODUCT_NAME = "$(TARGET_NAME)";
				SDKROOT = watchos;
				SKIP_INSTALL = YES;
				SWIFT_VERSION = 5.0;
				TARGETED_DEVICE_FAMILY = 4;
				WATCHOS_DEPLOYMENT_TARGET = 6.2;
			};
			name = Release;
		};
		EEBA75E0243AD40F00DE1462 /* Debug */ = {
			isa = XCBuildConfiguration;
			buildSettings = {
				CODE_SIGN_STYLE = Automatic;
				CURRENT_PROJECT_VERSION = 1;
				MARKETING_VERSION = 1.0;
				PRODUCT_BUNDLE_IDENTIFIER = iCovid.iCovid;
				PRODUCT_NAME = "$(TARGET_NAME)";
				SWIFT_VERSION = 5.0;
			};
			name = Debug;
		};
		EEBA75E1243AD40F00DE1462 /* Release */ = {
			isa = XCBuildConfiguration;
			buildSettings = {
				CODE_SIGN_STYLE = Automatic;
				CURRENT_PROJECT_VERSION = 1;
				MARKETING_VERSION = 1.0;
				PRODUCT_BUNDLE_IDENTIFIER = iCovid.iCovid;
				PRODUCT_NAME = "$(TARGET_NAME)";
				SWIFT_VERSION = 5.0;
			};
			name = Release;
		};
/* End XCBuildConfiguration section */

/* Begin XCConfigurationList section */
		EEBA75A9243AD40A00DE1462 /* Build configuration list for PBXProject "iCovid" */ = {
			isa = XCConfigurationList;
			buildConfigurations = (
				EEBA75D5243AD40F00DE1462 /* Debug */,
				EEBA75D6243AD40F00DE1462 /* Release */,
			);
			defaultConfigurationIsVisible = 0;
			defaultConfigurationName = Release;
		};
		EEBA75D7243AD40F00DE1462 /* Build configuration list for PBXNativeTarget "iCovid WatchKit Extension" */ = {
			isa = XCConfigurationList;
			buildConfigurations = (
				EEBA75D8243AD40F00DE1462 /* Debug */,
				EEBA75D9243AD40F00DE1462 /* Release */,
			);
			defaultConfigurationIsVisible = 0;
			defaultConfigurationName = Release;
		};
		EEBA75DB243AD40F00DE1462 /* Build configuration list for PBXNativeTarget "iCovid WatchKit App" */ = {
			isa = XCConfigurationList;
			buildConfigurations = (
				EEBA75DC243AD40F00DE1462 /* Debug */,
				EEBA75DD243AD40F00DE1462 /* Release */,
			);
			defaultConfigurationIsVisible = 0;
			defaultConfigurationName = Release;
		};
		EEBA75DF243AD40F00DE1462 /* Build configuration list for PBXNativeTarget "iCovid" */ = {
			isa = XCConfigurationList;
			buildConfigurations = (
				EEBA75E0243AD40F00DE1462 /* Debug */,
				EEBA75E1243AD40F00DE1462 /* Release */,
			);
			defaultConfigurationIsVisible = 0;
			defaultConfigurationName = Release;
		};
/* End XCConfigurationList section */
	};
	rootObject = EEBA75A6243AD40A00DE1462 /* Project object */;
}
